
Microsoft Visual Studio Solution File, Format Version 12.00
# Visual Studio Version 17
VisualStudioVersion = 17.8.34330.188
MinimumVisualStudioVersion = 10.0.40219.1
Project("{9A19103F-16F7-4668-BE54-9A1E7A4F7556}") = "Cshap_Algorithm", "Cshap_Algorithm\Cshap_Algorithm.csproj", "{6E27762E-1EC8-4524-8797-705E9E17E166}"
EndProject
Project("{9A19103F-16F7-4668-BE54-9A1E7A4F7556}") = "01.List", "01.List\01.List.csproj", "{9F922A75-2048-42D9-8BDF-E36343F8287E}"
EndProject
Project("{FAE04EC0-301F-11D3-BF4B-00C04F79EFBC}") = "StudyTest", "StudyTest\StudyTest.csproj", "{1ABB4C1B-5DCD-4B9D-B5EE-9ECEEAF3B561}"
EndProject
Project("{9A19103F-16F7-4668-BE54-9A1E7A4F7556}") = "02.LinkedList", "02.LinkedList\02.LinkedList.csproj", "{04290CAB-8247-4651-ADC5-E3F0FB578954}"
EndProject
Project("{9A19103F-16F7-4668-BE54-9A1E7A4F7556}") = "03.Stack", "03.Stack\03.Stack.csproj", "{41B958A6-36D3-43E1-B269-5D0E5EB58879}"
EndProject
Project("{9A19103F-16F7-4668-BE54-9A1E7A4F7556}") = "04.Queue", "04.Queue\04.Queue.csproj", "{7D3FF97B-CF45-4ABE-AC78-287661F1AB68}"
EndProject
Project("{9A19103F-16F7-4668-BE54-9A1E7A4F7556}") = "05.BinarySearchTree", "BinarySearchTree\05.BinarySearchTree.csproj", "{764B136A-EE94-4273-940E-EFA525E6ABAF}"
EndProject
Project("{FAE04EC0-301F-11D3-BF4B-00C04F79EFBC}") = "06.Heap", "06.Heap\06.Heap.csproj", "{DC3ED6D3-91F3-436B-A3D7-078A5FDD28D5}"
EndProject
Global
	GlobalSection(SolutionConfigurationPlatforms) = preSolution
		Debug|Any CPU = Debug|Any CPU
		Release|Any CPU = Release|Any CPU
	EndGlobalSection
	GlobalSection(ProjectConfigurationPlatforms) = postSolution
		{6E27762E-1EC8-4524-8797-705E9E17E166}.Debug|Any CPU.ActiveCfg = Debug|Any CPU
		{6E27762E-1EC8-4524-8797-705E9E17E166}.Debug|Any CPU.Build.0 = Debug|Any CPU
		{6E27762E-1EC8-4524-8797-705E9E17E166}.Release|Any CPU.ActiveCfg = Release|Any CPU
		{6E27762E-1EC8-4524-8797-705E9E17E166}.Release|Any CPU.Build.0 = Release|Any CPU
		{9F922A75-2048-42D9-8BDF-E36343F8287E}.Debug|Any CPU.ActiveCfg = Debug|Any CPU
		{9F922A75-2048-42D9-8BDF-E36343F8287E}.Debug|Any CPU.Build.0 = Debug|Any CPU
		{9F922A75-2048-42D9-8BDF-E36343F8287E}.Release|Any CPU.ActiveCfg = Release|Any CPU
		{9F922A75-2048-42D9-8BDF-E36343F8287E}.Release|Any CPU.Build.0 = Release|Any CPU
		{1ABB4C1B-5DCD-4B9D-B5EE-9ECEEAF3B561}.Debug|Any CPU.ActiveCfg = Debug|Any CPU
		{1ABB4C1B-5DCD-4B9D-B5EE-9ECEEAF3B561}.Debug|Any CPU.Build.0 = Debug|Any CPU
		{1ABB4C1B-5DCD-4B9D-B5EE-9ECEEAF3B561}.Release|Any CPU.ActiveCfg = Release|Any CPU
		{1ABB4C1B-5DCD-4B9D-B5EE-9ECEEAF3B561}.Release|Any CPU.Build.0 = Release|Any CPU
		{04290CAB-8247-4651-ADC5-E3F0FB578954}.Debug|Any CPU.ActiveCfg = Debug|Any CPU
		{04290CAB-8247-4651-ADC5-E3F0FB578954}.Debug|Any CPU.Build.0 = Debug|Any CPU
		{04290CAB-8247-4651-ADC5-E3F0FB578954}.Release|Any CPU.ActiveCfg = Release|Any CPU
		{04290CAB-8247-4651-ADC5-E3F0FB578954}.Release|Any CPU.Build.0 = Release|Any CPU
		{41B958A6-36D3-43E1-B269-5D0E5EB58879}.Debug|Any CPU.ActiveCfg = Debug|Any CPU
		{41B958A6-36D3-43E1-B269-5D0E5EB58879}.Debug|Any CPU.Build.0 = Debug|Any CPU
		{41B958A6-36D3-43E1-B269-5D0E5EB58879}.Release|Any CPU.ActiveCfg = Release|Any CPU
		{41B958A6-36D3-43E1-B269-5D0E5EB58879}.Release|Any CPU.Build.0 = Release|Any CPU
		{7D3FF97B-CF45-4ABE-AC78-287661F1AB68}.Debug|Any CPU.ActiveCfg = Debug|Any CPU
		{7D3FF97B-CF45-4ABE-AC78-287661F1AB68}.Debug|Any CPU.Build.0 = Debug|Any CPU
		{7D3FF97B-CF45-4ABE-AC78-287661F1AB68}.Release|Any CPU.ActiveCfg = Release|Any CPU
		{7D3FF97B-CF45-4ABE-AC78-287661F1AB68}.Release|Any CPU.Build.0 = Release|Any CPU
		{764B136A-EE94-4273-940E-EFA525E6ABAF}.Debug|Any CPU.ActiveCfg = Debug|Any CPU
		{764B136A-EE94-4273-940E-EFA525E6ABAF}.Debug|Any CPU.Build.0 = Debug|Any CPU
		{764B136A-EE94-4273-940E-EFA525E6ABAF}.Release|Any CPU.ActiveCfg = Release|Any CPU
		{764B136A-EE94-4273-940E-EFA525E6ABAF}.Release|Any CPU.Build.0 = Release|Any CPU
		{DC3ED6D3-91F3-436B-A3D7-078A5FDD28D5}.Debug|Any CPU.ActiveCfg = Debug|Any CPU
		{DC3ED6D3-91F3-436B-A3D7-078A5FDD28D5}.Debug|Any CPU.Build.0 = Debug|Any CPU
		{DC3ED6D3-91F3-436B-A3D7-078A5FDD28D5}.Release|Any CPU.ActiveCfg = Release|Any CPU
		{DC3ED6D3-91F3-436B-A3D7-078A5FDD28D5}.Release|Any CPU.Build.0 = Release|Any CPU
	EndGlobalSection
	GlobalSection(SolutionProperties) = preSolution
		HideSolutionNode = FALSE
	EndGlobalSection
	GlobalSection(ExtensibilityGlobals) = postSolution
		SolutionGuid = {49AA09A6-6D62-4CE5-93F1-32D43394E925}
	EndGlobalSection
EndGlobal
